
Microsoft Visual Studio Solution File, Format Version 12.00
# Visual Studio Version 17
VisualStudioVersion = 17.11.35303.130
MinimumVisualStudioVersion = 10.0.40219.1
Project("{8BC9CEB8-8B4A-11D0-8D11-00A0C91BC942}") = "PatchCoreOpenVINO", "PatchCoreOpenVINO\PatchCoreOpenVINO.vcxproj", "{D30928D4-C7BA-4F23-A7FD-9DD2CDB08FEF}"
EndProject
Global
	GlobalSection(SolutionConfigurationPlatforms) = preSolution
		Debug|x64 = Debug|x64
		Debug|x86 = Debug|x86
		Release|x64 = Release|x64
		Release|x86 = Release|x86
	EndGlobalSection
	GlobalSection(ProjectConfigurationPlatforms) = postSolution
		{D30928D4-C7BA-4F23-A7FD-9DD2CDB08FEF}.Debug|x64.ActiveCfg = Debug|x64
		{D30928D4-C7BA-4F23-A7FD-9DD2CDB08FEF}.Debug|x64.Build.0 = Debug|x64
		{D30928D4-C7BA-4F23-A7FD-9DD2CDB08FEF}.Debug|x86.ActiveCfg = Debug|Win32
		{D30928D4-C7BA-4F23-A7FD-9DD2CDB08FEF}.Debug|x86.Build.0 = Debug|Win32
		{D30928D4-C7BA-4F23-A7FD-9DD2CDB08FEF}.Release|x64.ActiveCfg = Release|x64
		{D30928D4-C7BA-4F23-A7FD-9DD2CDB08FEF}.Release|x64.Build.0 = Release|x64
		{D30928D4-C7BA-4F23-A7FD-9DD2CDB08FEF}.Release|x86.ActiveCfg = Release|Win32
		{D30928D4-C7BA-4F23-A7FD-9DD2CDB08FEF}.Release|x86.Build.0 = Release|Win32
	EndGlobalSection
	GlobalSection(SolutionProperties) = preSolution
		HideSolutionNode = FALSE
	EndGlobalSection
	GlobalSection(ExtensibilityGlobals) = postSolution
		SolutionGuid = {EDBB6A98-B31F-4B15-8F69-46505D287C04}
	EndGlobalSection
EndGlobal
